// !$*UTF8*$!
{
	archiveVersion = 1;
	classes = {
	};
	objectVersion = 50;
	objects = {

/* Begin PBXBuildFile section */
		75A0632C25D129EA00747A5F /* AppDelegate.swift in Sources */ = {isa = PBXBuildFile; fileRef = 75A0632B25D129EA00747A5F /* AppDelegate.swift */; };
		75A0632E25D129EA00747A5F /* SceneDelegate.swift in Sources */ = {isa = PBXBuildFile; fileRef = 75A0632D25D129EA00747A5F /* SceneDelegate.swift */; };
		75A0633025D129EA00747A5F /* CategoriesVC.swift in Sources */ = {isa = PBXBuildFile; fileRef = 75A0632F25D129EA00747A5F /* CategoriesVC.swift */; };
		75A0633325D129EA00747A5F /* Main.storyboard in Resources */ = {isa = PBXBuildFile; fileRef = 75A0633125D129EA00747A5F /* Main.storyboard */; };
		75A0633525D129ED00747A5F /* Assets.xcassets in Resources */ = {isa = PBXBuildFile; fileRef = 75A0633425D129ED00747A5F /* Assets.xcassets */; };
		75A0633825D129ED00747A5F /* LaunchScreen.storyboard in Resources */ = {isa = PBXBuildFile; fileRef = 75A0633625D129ED00747A5F /* LaunchScreen.storyboard */; };
		75A0634525D15A5C00747A5F /* CategoryCellTableViewCell.swift in Sources */ = {isa = PBXBuildFile; fileRef = 75A0634425D15A5C00747A5F /* CategoryCellTableViewCell.swift */; };
/* End PBXBuildFile section */

/* Begin PBXFileReference section */
		75A0632825D129EA00747A5F /* CoderSwag-ud.app */ = {isa = PBXFileReference; explicitFileType = wrapper.application; includeInIndex = 0; path = "CoderSwag-ud.app"; sourceTree = BUILT_PRODUCTS_DIR; };
		75A0632B25D129EA00747A5F /* AppDelegate.swift */ = {isa = PBXFileReference; lastKnownFileType = sourcecode.swift; path = AppDelegate.swift; sourceTree = "<group>"; };
		75A0632D25D129EA00747A5F /* SceneDelegate.swift */ = {isa = PBXFileReference; lastKnownFileType = sourcecode.swift; path = SceneDelegate.swift; sourceTree = "<group>"; };
		75A0632F25D129EA00747A5F /* CategoriesVC.swift */ = {isa = PBXFileReference; lastKnownFileType = sourcecode.swift; path = CategoriesVC.swift; sourceTree = "<group>"; };
		75A0633225D129EA00747A5F /* Base */ = {isa = PBXFileReference; lastKnownFileType = file.storyboard; name = Base; path = Base.lproj/Main.storyboard; sourceTree = "<group>"; };
		75A0633425D129ED00747A5F /* Assets.xcassets */ = {isa = PBXFileReference; lastKnownFileType = folder.assetcatalog; path = Assets.xcassets; sourceTree = "<group>"; };
		75A0633725D129ED00747A5F /* Base */ = {isa = PBXFileReference; lastKnownFileType = file.storyboard; name = Base; path = Base.lproj/LaunchScreen.storyboard; sourceTree = "<group>"; };
		75A0633925D129ED00747A5F /* Info.plist */ = {isa = PBXFileReference; lastKnownFileType = text.plist.xml; path = Info.plist; sourceTree = "<group>"; };
		75A0634425D15A5C00747A5F /* CategoryCellTableViewCell.swift */ = {isa = PBXFileReference; lastKnownFileType = sourcecode.swift; path = CategoryCellTableViewCell.swift; sourceTree = "<group>"; };
/* End PBXFileReference section */

/* Begin PBXFrameworksBuildPhase section */
		75A0632525D129EA00747A5F /* Frameworks */ = {
			isa = PBXFrameworksBuildPhase;
			buildActionMask = 2147483647;
			files = (
			);
			runOnlyForDeploymentPostprocessing = 0;
		};
/* End PBXFrameworksBuildPhase section */

/* Begin PBXGroup section */
		75A0631F25D129EA00747A5F = {
			isa = PBXGroup;
			children = (
				75A0632A25D129EA00747A5F /* CoderSwag-ud */,
				75A0632925D129EA00747A5F /* Products */,
			);
			sourceTree = "<group>";
		};
		75A0632925D129EA00747A5F /* Products */ = {
			isa = PBXGroup;
			children = (
				75A0632825D129EA00747A5F /* CoderSwag-ud.app */,
			);
			name = Products;
			sourceTree = "<group>";
		};
		75A0632A25D129EA00747A5F /* CoderSwag-ud */ = {
			isa = PBXGroup;
			children = (
				75A0634325D15A3700747A5F /* View */,
				75A0634225D15A2E00747A5F /* Controller */,
				75A0634125D15A2500747A5F /* Model */,
				75A0632B25D129EA00747A5F /* AppDelegate.swift */,
				75A0632D25D129EA00747A5F /* SceneDelegate.swift */,
				75A0633125D129EA00747A5F /* Main.storyboard */,
				75A0633425D129ED00747A5F /* Assets.xcassets */,
				75A0633625D129ED00747A5F /* LaunchScreen.storyboard */,
				75A0633925D129ED00747A5F /* Info.plist */,
			);
			path = "CoderSwag-ud";
			sourceTree = "<group>";
		};
		75A0634125D15A2500747A5F /* Model */ = {
			isa = PBXGroup;
			children = (
			);
			path = Model;
			sourceTree = "<group>";
		};
		75A0634225D15A2E00747A5F /* Controller */ = {
			isa = PBXGroup;
			children = (
				75A0632F25D129EA00747A5F /* CategoriesVC.swift */,
			);
			path = Controller;
			sourceTree = "<group>";
		};
		75A0634325D15A3700747A5F /* View */ = {
			isa = PBXGroup;
			children = (
				75A0634425D15A5C00747A5F /* CategoryCellTableViewCell.swift */,
			);
			path = View;
			sourceTree = "<group>";
		};
/* End PBXGroup section */

/* Begin PBXNativeTarget section */
		75A0632725D129EA00747A5F /* CoderSwag-ud */ = {
			isa = PBXNativeTarget;
			buildConfigurationList = 75A0633C25D129ED00747A5F /* Build configuration list for PBXNativeTarget "CoderSwag-ud" */;
			buildPhases = (
				75A0632425D129EA00747A5F /* Sources */,
				75A0632525D129EA00747A5F /* Frameworks */,
				75A0632625D129EA00747A5F /* Resources */,
			);
			buildRules = (
			);
			dependencies = (
			);
			name = "CoderSwag-ud";
			productName = "CoderSwag-ud";
			productReference = 75A0632825D129EA00747A5F /* CoderSwag-ud.app */;
			productType = "com.apple.product-type.application";
		};
/* End PBXNativeTarget section */

/* Begin PBXProject section */
		75A0632025D129EA00747A5F /* Project object */ = {
			isa = PBXProject;
			attributes = {
				LastSwiftUpdateCheck = 1240;
				LastUpgradeCheck = 1240;
				TargetAttributes = {
					75A0632725D129EA00747A5F = {
						CreatedOnToolsVersion = 12.4;
					};
				};
			};
			buildConfigurationList = 75A0632325D129EA00747A5F /* Build configuration list for PBXProject "CoderSwag-ud" */;
			compatibilityVersion = "Xcode 9.3";
			developmentRegion = en;
			hasScannedForEncodings = 0;
			knownRegions = (
				en,
				Base,
			);
			mainGroup = 75A0631F25D129EA00747A5F;
			productRefGroup = 75A0632925D129EA00747A5F /* Products */;
			projectDirPath = "";
			projectRoot = "";
			targets = (
				75A0632725D129EA00747A5F /* CoderSwag-ud */,
			);
		};
/* End PBXProject section */

/* Begin PBXResourcesBuildPhase section */
		75A0632625D129EA00747A5F /* Resources */ = {
			isa = PBXResourcesBuildPhase;
			buildActionMask = 2147483647;
			files = (
				75A0633825D129ED00747A5F /* LaunchScreen.storyboard in Resources */,
				75A0633525D129ED00747A5F /* Assets.xcassets in Resources */,
				75A0633325D129EA00747A5F /* Main.storyboard in Resources */,
			);
			runOnlyForDeploymentPostprocessing = 0;
		};
/* End PBXResourcesBuildPhase section */

/* Begin PBXSourcesBuildPhase section */
		75A0632425D129EA00747A5F /* Sources */ = {
			isa = PBXSourcesBuildPhase;
			buildActionMask = 2147483647;
			files = (
				75A0633025D129EA00747A5F /* CategoriesVC.swift in Sources */,
				75A0632C25D129EA00747A5F /* AppDelegate.swift in Sources */,
				75A0632E25D129EA00747A5F /* SceneDelegate.swift in Sources */,
				75A0634525D15A5C00747A5F /* CategoryCellTableViewCell.swift in Sources */,
			);
			runOnlyForDeploymentPostprocessing = 0;
		};
/* End PBXSourcesBuildPhase section */

/* Begin PBXVariantGroup section */
		75A0633125D129EA00747A5F /* Main.storyboard */ = {
			isa = PBXVariantGroup;
			children = (
				75A0633225D129EA00747A5F /* Base */,
			);
			name = Main.storyboard;
			sourceTree = "<group>";
		};
		75A0633625D129ED00747A5F /* LaunchScreen.storyboard */ = {
			isa = PBXVariantGroup;
			children = (
				75A0633725D129ED00747A5F /* Base */,
			);
			name = LaunchScreen.storyboard;
			sourceTree = "<group>";
		};
/* End PBXVariantGroup section */

/* Begin XCBuildConfiguration section */
		75A0633A25D129ED00747A5F /* Debug */ = {
			isa = XCBuildConfiguration;
			buildSettings = {
				ALWAYS_SEARCH_USER_PATHS = NO;
				CLANG_ANALYZER_NONNULL = YES;
				CLANG_ANALYZER_NUMBER_OBJECT_CONVERSION = YES_AGGRESSIVE;
				CLANG_CXX_LANGUAGE_STANDARD = "gnu++14";
				CLANG_CXX_LIBRARY = "libc++";
				CLANG_ENABLE_MODULES = YES;
				CLANG_ENABLE_OBJC_ARC = YES;
				CLANG_ENABLE_OBJC_WEAK = YES;
				CLANG_WARN_BLOCK_CAPTURE_AUTORELEASING = YES;
				CLANG_WARN_BOOL_CONVERSION = YES;
				CLANG_WARN_COMMA = YES;
				CLANG_WARN_CONSTANT_CONVERSION = YES;
				CLANG_WARN_DEPRECATED_OBJC_IMPLEMENTATIONS = YES;
				CLANG_WARN_DIRECT_OBJC_ISA_USAGE = YES_ERROR;
				CLANG_WARN_DOCUMENTATION_COMMENTS = YES;
				CLANG_WARN_EMPTY_BODY = YES;
				CLANG_WARN_ENUM_CONVERSION = YES;
				CLANG_WARN_INFINITE_RECURSION = YES;
				CLANG_WARN_INT_CONVERSION = YES;
				CLANG_WARN_NON_LITERAL_NULL_CONVERSION = YES;
				CLANG_WARN_OBJC_IMPLICIT_RETAIN_SELF = YES;
				CLANG_WARN_OBJC_LITERAL_CONVERSION = YES;
				CLANG_WARN_OBJC_ROOT_CLASS = YES_ERROR;
				CLANG_WARN_QUOTED_INCLUDE_IN_FRAMEWORK_HEADER = YES;
				CLANG_WARN_RANGE_LOOP_ANALYSIS = YES;
				CLANG_WARN_STRICT_PROTOTYPES = YES;
				CLANG_WARN_SUSPICIOUS_MOVE = YES;
				CLANG_WARN_UNGUARDED_AVAILABILITY = YES_AGGRESSIVE;
				CLANG_WARN_UNREACHABLE_CODE = YES;
				CLANG_WARN__DUPLICATE_METHOD_MATCH = YES;
				COPY_PHASE_STRIP = NO;
				DEBUG_INFORMATION_FORMAT = dwarf;
				ENABLE_STRICT_OBJC_MSGSEND = YES;
				ENABLE_TESTABILITY = YES;
				GCC_C_LANGUAGE_STANDARD = gnu11;
				GCC_DYNAMIC_NO_PIC = NO;
				GCC_NO_COMMON_BLOCKS = YES;
				GCC_OPTIMIZATION_LEVEL = 0;
				GCC_PREPROCESSOR_DEFINITIONS = (
					"DEBUG=1",
					"$(inherited)",
				);
				GCC_WARN_64_TO_32_BIT_CONVERSION = YES;
				GCC_WARN_ABOUT_RETURN_TYPE = YES_ERROR;
				GCC_WARN_UNDECLARED_SELECTOR = YES;
				GCC_WARN_UNINITIALIZED_AUTOS = YES_AGGRESSIVE;
				GCC_WARN_UNUSED_FUNCTION = YES;
				GCC_WARN_UNUSED_VARIABLE = YES;
				IPHONEOS_DEPLOYMENT_TARGET = 14.4;
				MTL_ENABLE_DEBUG_INFO = INCLUDE_SOURCE;
				MTL_FAST_MATH = YES;
				ONLY_ACTIVE_ARCH = YES;
				SDKROOT = iphoneos;
				SWIFT_ACTIVE_COMPILATION_CONDITIONS = DEBUG;
				SWIFT_OPTIMIZATION_LEVEL = "-Onone";
			};
			name = Debug;
		};
		75A0633B25D129ED00747A5F /* Release */ = {
			isa = XCBuildConfiguration;
			buildSettings = {
				ALWAYS_SEARCH_USER_PATHS = NO;
				CLANG_ANALYZER_NONNULL = YES;
				CLANG_ANALYZER_NUMBER_OBJECT_CONVERSION = YES_AGGRESSIVE;
				CLANG_CXX_LANGUAGE_STANDARD = "gnu++14";
				CLANG_CXX_LIBRARY = "libc++";
				CLANG_ENABLE_MODULES = YES;
				CLANG_ENABLE_OBJC_ARC = YES;
				CLANG_ENABLE_OBJC_WEAK = YES;
				CLANG_WARN_BLOCK_CAPTURE_AUTORELEASING = YES;
				CLANG_WARN_BOOL_CONVERSION = YES;
				CLANG_WARN_COMMA = YES;
				CLANG_WARN_CONSTANT_CONVERSION = YES;
				CLANG_WARN_DEPRECATED_OBJC_IMPLEMENTATIONS = YES;
				CLANG_WARN_DIRECT_OBJC_ISA_USAGE = YES_ERROR;
				CLANG_WARN_DOCUMENTATION_COMMENTS = YES;
				CLANG_WARN_EMPTY_BODY = YES;
				CLANG_WARN_ENUM_CONVERSION = YES;
				CLANG_WARN_INFINITE_RECURSION = YES;
				CLANG_WARN_INT_CONVERSION = YES;
				CLANG_WARN_NON_LITERAL_NULL_CONVERSION = YES;
				CLANG_WARN_OBJC_IMPLICIT_RETAIN_SELF = YES;
				CLANG_WARN_OBJC_LITERAL_CONVERSION = YES;
				CLANG_WARN_OBJC_ROOT_CLASS = YES_ERROR;
				CLANG_WARN_QUOTED_INCLUDE_IN_FRAMEWORK_HEADER = YES;
				CLANG_WARN_RANGE_LOOP_ANALYSIS = YES;
				CLANG_WARN_STRICT_PROTOTYPES = YES;
				CLANG_WARN_SUSPICIOUS_MOVE = YES;
				CLANG_WARN_UNGUARDED_AVAILABILITY = YES_AGGRESSIVE;
				CLANG_WARN_UNREACHABLE_CODE = YES;
				CLANG_WARN__DUPLICATE_METHOD_MATCH = YES;
				COPY_PHASE_STRIP = NO;
				DEBUG_INFORMATION_FORMAT = "dwarf-with-dsym";
				ENABLE_NS_ASSERTIONS = NO;
				ENABLE_STRICT_OBJC_MSGSEND = YES;
				GCC_C_LANGUAGE_STANDARD = gnu11;
				GCC_NO_COMMON_BLOCKS = YES;
				GCC_WARN_64_TO_32_BIT_CONVERSION = YES;
				GCC_WARN_ABOUT_RETURN_TYPE = YES_ERROR;
				GCC_WARN_UNDECLARED_SELECTOR = YES;
				GCC_WARN_UNINITIALIZED_AUTOS = YES_AGGRESSIVE;
				GCC_WARN_UNUSED_FUNCTION = YES;
				GCC_WARN_UNUSED_VARIABLE = YES;
				IPHONEOS_DEPLOYMENT_TARGET = 14.4;
				MTL_ENABLE_DEBUG_INFO = NO;
				MTL_FAST_MATH = YES;
				SDKROOT = iphoneos;
				SWIFT_COMPILATION_MODE = wholemodule;
				SWIFT_OPTIMIZATION_LEVEL = "-O";
				VALIDATE_PRODUCT = YES;
			};
			name = Release;
		};
		75A0633D25D129ED00747A5F /* Debug */ = {
			isa = XCBuildConfiguration;
			buildSettings = {
				ASSETCATALOG_COMPILER_APPICON_NAME = AppIcon;
				ASSETCATALOG_COMPILER_GLOBAL_ACCENT_COLOR_NAME = AccentColor;
				CODE_SIGN_STYLE = Automatic;
				DEVELOPMENT_TEAM = YV8PDCP6NZ;
				INFOPLIST_FILE = "CoderSwag-ud/Info.plist";
				LD_RUNPATH_SEARCH_PATHS = (
					"$(inherited)",
					"@executable_path/Frameworks",
				);
				PRODUCT_BUNDLE_IDENTIFIER = "com.example.CoderSwag-ud";
				PRODUCT_NAME = "$(TARGET_NAME)";
				SWIFT_VERSION = 5.0;
				TARGETED_DEVICE_FAMILY = "1,2";
			};
			name = Debug;
		};
		75A0633E25D129ED00747A5F /* Release */ = {
			isa = XCBuildConfiguration;
			buildSettings = {
				ASSETCATALOG_COMPILER_APPICON_NAME = AppIcon;
				ASSETCATALOG_COMPILER_GLOBAL_ACCENT_COLOR_NAME = AccentColor;
				CODE_SIGN_STYLE = Automatic;
				DEVELOPMENT_TEAM = YV8PDCP6NZ;
				INFOPLIST_FILE = "CoderSwag-ud/Info.plist";
				LD_RUNPATH_SEARCH_PATHS = (
					"$(inherited)",
					"@executable_path/Frameworks",
				);
				PRODUCT_BUNDLE_IDENTIFIER = "com.example.CoderSwag-ud";
				PRODUCT_NAME = "$(TARGET_NAME)";
				SWIFT_VERSION = 5.0;
				TARGETED_DEVICE_FAMILY = "1,2";
			};
			name = Release;
		};
/* End XCBuildConfiguration section */

/* Begin XCConfigurationList section */
		75A0632325D129EA00747A5F /* Build configuration list for PBXProject "CoderSwag-ud" */ = {
			isa = XCConfigurationList;
			buildConfigurations = (
				75A0633A25D129ED00747A5F /* Debug */,
				75A0633B25D129ED00747A5F /* Release */,
			);
			defaultConfigurationIsVisible = 0;
			defaultConfigurationName = Release;
		};
		75A0633C25D129ED00747A5F /* Build configuration list for PBXNativeTarget "CoderSwag-ud" */ = {
			isa = XCConfigurationList;
			buildConfigurations = (
				75A0633D25D129ED00747A5F /* Debug */,
				75A0633E25D129ED00747A5F /* Release */,
			);
			defaultConfigurationIsVisible = 0;
			defaultConfigurationName = Release;
		};
/* End XCConfigurationList section */
	};
	rootObject = 75A0632025D129EA00747A5F /* Project object */;
}
